
Microsoft Visual Studio Solution File, Format Version 12.00
# Visual Studio Express 2012 for Windows Desktop
Project("{FAE04EC0-301F-11D3-BF4B-00C04F79EFBC}") = "WPFtutorial1", "WPFtutorial1\WPFtutorial1.csproj", "{1556F212-7E44-4A7A-83F9-31303B049CCF}"
EndProject
Global
	GlobalSection(SolutionConfigurationPlatforms) = preSolution
		Debug|Any CPU = Debug|Any CPU
		Release|Any CPU = Release|Any CPU
	EndGlobalSection
	GlobalSection(ProjectConfigurationPlatforms) = postSolution
		{1556F212-7E44-4A7A-83F9-31303B049CCF}.Debug|Any CPU.ActiveCfg = Debug|Any CPU
		{1556F212-7E44-4A7A-83F9-31303B049CCF}.Debug|Any CPU.Build.0 = Debug|Any CPU
		{1556F212-7E44-4A7A-83F9-31303B049CCF}.Release|Any CPU.ActiveCfg = Release|Any CPU
		{1556F212-7E44-4A7A-83F9-31303B049CCF}.Release|Any CPU.Build.0 = Release|Any CPU
	EndGlobalSection
	GlobalSection(SolutionProperties) = preSolution
		HideSolutionNode = FALSE
	EndGlobalSection
EndGlobal
